
Microsoft Visual Studio Solution File, Format Version 12.00
# Visual Studio Version 17
VisualStudioVersion = 17.3.32811.315
MinimumVisualStudioVersion = 10.0.40219.1
Project("{9A19103F-16F7-4668-BE54-9A1E7A4F7556}") = "SimpleFileTagger", "SimpleFileTagger\SimpleFileTagger.csproj", "{6C4045CF-65F8-4C6B-8010-963469069D22}"
EndProject
Project("{9A19103F-16F7-4668-BE54-9A1E7A4F7556}") = "DAL", "DAL\DAL.csproj", "{C4454FC0-7306-4BF7-9EB3-1FFEC18F156C}"
EndProject
Project("{9A19103F-16F7-4668-BE54-9A1E7A4F7556}") = "Core", "Core\Core.csproj", "{52CEDE46-2740-4273-B128-2F2901B5815C}"
EndProject
Project("{9A19103F-16F7-4668-BE54-9A1E7A4F7556}") = "Contracts", "Contracts\Contracts.csproj", "{FFCF1B6E-450B-4F18-9137-6F1D47776173}"
EndProject
Project("{FAE04EC0-301F-11D3-BF4B-00C04F79EFBC}") = "SFTServer", "SFTServer\SFTServer.csproj", "{0F8B731F-3192-4AE9-8AB4-E4E1191B0869}"
EndProject
Global
	GlobalSection(SolutionConfigurationPlatforms) = preSolution
		Debug|Any CPU = Debug|Any CPU
		Release|Any CPU = Release|Any CPU
	EndGlobalSection
	GlobalSection(ProjectConfigurationPlatforms) = postSolution
		{6C4045CF-65F8-4C6B-8010-963469069D22}.Debug|Any CPU.ActiveCfg = Debug|Any CPU
		{6C4045CF-65F8-4C6B-8010-963469069D22}.Debug|Any CPU.Build.0 = Debug|Any CPU
		{6C4045CF-65F8-4C6B-8010-963469069D22}.Release|Any CPU.ActiveCfg = Release|Any CPU
		{6C4045CF-65F8-4C6B-8010-963469069D22}.Release|Any CPU.Build.0 = Release|Any CPU
		{C4454FC0-7306-4BF7-9EB3-1FFEC18F156C}.Debug|Any CPU.ActiveCfg = Debug|Any CPU
		{C4454FC0-7306-4BF7-9EB3-1FFEC18F156C}.Debug|Any CPU.Build.0 = Debug|Any CPU
		{C4454FC0-7306-4BF7-9EB3-1FFEC18F156C}.Release|Any CPU.ActiveCfg = Release|Any CPU
		{C4454FC0-7306-4BF7-9EB3-1FFEC18F156C}.Release|Any CPU.Build.0 = Release|Any CPU
		{52CEDE46-2740-4273-B128-2F2901B5815C}.Debug|Any CPU.ActiveCfg = Debug|Any CPU
		{52CEDE46-2740-4273-B128-2F2901B5815C}.Debug|Any CPU.Build.0 = Debug|Any CPU
		{52CEDE46-2740-4273-B128-2F2901B5815C}.Release|Any CPU.ActiveCfg = Release|Any CPU
		{52CEDE46-2740-4273-B128-2F2901B5815C}.Release|Any CPU.Build.0 = Release|Any CPU
		{FFCF1B6E-450B-4F18-9137-6F1D47776173}.Debug|Any CPU.ActiveCfg = Debug|Any CPU
		{FFCF1B6E-450B-4F18-9137-6F1D47776173}.Debug|Any CPU.Build.0 = Debug|Any CPU
		{FFCF1B6E-450B-4F18-9137-6F1D47776173}.Release|Any CPU.ActiveCfg = Release|Any CPU
		{FFCF1B6E-450B-4F18-9137-6F1D47776173}.Release|Any CPU.Build.0 = Release|Any CPU
		{0F8B731F-3192-4AE9-8AB4-E4E1191B0869}.Debug|Any CPU.ActiveCfg = Debug|Any CPU
		{0F8B731F-3192-4AE9-8AB4-E4E1191B0869}.Debug|Any CPU.Build.0 = Debug|Any CPU
		{0F8B731F-3192-4AE9-8AB4-E4E1191B0869}.Release|Any CPU.ActiveCfg = Release|Any CPU
		{0F8B731F-3192-4AE9-8AB4-E4E1191B0869}.Release|Any CPU.Build.0 = Release|Any CPU
	EndGlobalSection
	GlobalSection(SolutionProperties) = preSolution
		HideSolutionNode = FALSE
	EndGlobalSection
	GlobalSection(ExtensibilityGlobals) = postSolution
		SolutionGuid = {3EF2282F-08B5-401E-9A3A-16181E78BDB3}
	EndGlobalSection
EndGlobal
